
Microsoft Visual Studio Solution File, Format Version 12.00
# Visual Studio Version 16
VisualStudioVersion = 16.0.29215.179
MinimumVisualStudioVersion = 10.0.40219.1
Project("{FAE04EC0-301F-11D3-BF4B-00C04F79EFBC}") = "StatementReader", "StatementReader\StatementReader.csproj", "{DB4ABCAE-861C-43E9-BD53-721BE8411BD8}"
EndProject
Project("{FAE04EC0-301F-11D3-BF4B-00C04F79EFBC}") = "Test", "Test\Test.csproj", "{7EDBC39B-152E-4DFA-8DD5-45C9E2B66720}"
EndProject
Global
	GlobalSection(SolutionConfigurationPlatforms) = preSolution
		Debug|Any CPU = Debug|Any CPU
		Release|Any CPU = Release|Any CPU
	EndGlobalSection
	GlobalSection(ProjectConfigurationPlatforms) = postSolution
		{DB4ABCAE-861C-43E9-BD53-721BE8411BD8}.Debug|Any CPU.ActiveCfg = Debug|Any CPU
		{DB4ABCAE-861C-43E9-BD53-721BE8411BD8}.Debug|Any CPU.Build.0 = Debug|Any CPU
		{DB4ABCAE-861C-43E9-BD53-721BE8411BD8}.Release|Any CPU.ActiveCfg = Release|Any CPU
		{DB4ABCAE-861C-43E9-BD53-721BE8411BD8}.Release|Any CPU.Build.0 = Release|Any CPU
		{7EDBC39B-152E-4DFA-8DD5-45C9E2B66720}.Debug|Any CPU.ActiveCfg = Debug|Any CPU
		{7EDBC39B-152E-4DFA-8DD5-45C9E2B66720}.Debug|Any CPU.Build.0 = Debug|Any CPU
		{7EDBC39B-152E-4DFA-8DD5-45C9E2B66720}.Release|Any CPU.ActiveCfg = Release|Any CPU
		{7EDBC39B-152E-4DFA-8DD5-45C9E2B66720}.Release|Any CPU.Build.0 = Release|Any CPU
	EndGlobalSection
	GlobalSection(SolutionProperties) = preSolution
		HideSolutionNode = FALSE
	EndGlobalSection
	GlobalSection(ExtensibilityGlobals) = postSolution
		SolutionGuid = {026ECAEA-A961-4E03-96E2-D0D26247DF86}
	EndGlobalSection
EndGlobal
